
Microsoft Visual Studio Solution File, Format Version 12.00
# Visual Studio Version 16
VisualStudioVersion = 16.0.29009.5
MinimumVisualStudioVersion = 10.0.40219.1
Project("{FAE04EC0-301F-11D3-BF4B-00C04F79EFBC}") = "OAService", "OAService\OAService.csproj", "{CD868E22-5DD7-4B9B-829F-70D84C55087D}"
EndProject
Project("{FAE04EC0-301F-11D3-BF4B-00C04F79EFBC}") = "WindowsFormsApp1", "WindowsFormsApp1\WindowsFormsApp1.csproj", "{5508145A-4F18-4233-BF09-17F96FAB0FCB}"
EndProject
Project("{FAE04EC0-301F-11D3-BF4B-00C04F79EFBC}") = "OAWEB", "OAWEB\OAWEB.csproj", "{051C06F7-8412-41AE-9398-E05878A3FD91}"
EndProject
Project("{2150E333-8FDC-42A3-9474-1A3956D46DE8}") = "OA.DB", "OA.DB", "{4DC734B8-577B-4444-8083-475549D8C32E}"
EndProject
Project("{FAE04EC0-301F-11D3-BF4B-00C04F79EFBC}") = "SystemDAL", "SystemDAL\SystemDAL.csproj", "{04F7DA75-4CA3-41D5-9C90-5C6784066633}"
EndProject
Project("{FAE04EC0-301F-11D3-BF4B-00C04F79EFBC}") = "SystemBLL", "SystemBLL\SystemBLL.csproj", "{8063D7B3-67B7-428B-AB44-A3BF5CD1568C}"
EndProject
Project("{FAE04EC0-301F-11D3-BF4B-00C04F79EFBC}") = "SystemModel", "SystemModel\SystemModel.csproj", "{F963EE15-D1E1-42D3-9A91-43B29CE0C7E8}"
EndProject
Project("{FAE04EC0-301F-11D3-BF4B-00C04F79EFBC}") = "SendMessageService", "SendMessageService\SendMessageService.csproj", "{06FA32A6-3642-4300-8B40-17990F52F4C6}"
EndProject
Project("{FAE04EC0-301F-11D3-BF4B-00C04F79EFBC}") = "Demo", "Demo\Demo.csproj", "{29E86D96-E1BE-478E-8B45-D0EBBA2033A3}"
EndProject
Project("{FAE04EC0-301F-11D3-BF4B-00C04F79EFBC}") = "WindowsFormsApp2", "WindowsFormsApp2\WindowsFormsApp2.csproj", "{BCF23789-C77B-49DB-A404-B418226735C0}"
EndProject
Project("{FAE04EC0-301F-11D3-BF4B-00C04F79EFBC}") = "ERPCZ", "ERPCZ\ERPCZ.csproj", "{C58E4534-071E-479C-9AE7-580D33811991}"
EndProject
Project("{FAE04EC0-301F-11D3-BF4B-00C04F79EFBC}") = "KKMWLN", "KKMWLN\KKMWLN.csproj", "{3EF4D27E-4E65-48D3-A520-691EA7BBD2ED}"
EndProject
Global
	GlobalSection(SolutionConfigurationPlatforms) = preSolution
		Debug|Any CPU = Debug|Any CPU
		Release|Any CPU = Release|Any CPU
	EndGlobalSection
	GlobalSection(ProjectConfigurationPlatforms) = postSolution
		{CD868E22-5DD7-4B9B-829F-70D84C55087D}.Debug|Any CPU.ActiveCfg = Debug|Any CPU
		{CD868E22-5DD7-4B9B-829F-70D84C55087D}.Debug|Any CPU.Build.0 = Debug|Any CPU
		{CD868E22-5DD7-4B9B-829F-70D84C55087D}.Release|Any CPU.ActiveCfg = Release|Any CPU
		{CD868E22-5DD7-4B9B-829F-70D84C55087D}.Release|Any CPU.Build.0 = Release|Any CPU
		{5508145A-4F18-4233-BF09-17F96FAB0FCB}.Debug|Any CPU.ActiveCfg = Debug|Any CPU
		{5508145A-4F18-4233-BF09-17F96FAB0FCB}.Debug|Any CPU.Build.0 = Debug|Any CPU
		{5508145A-4F18-4233-BF09-17F96FAB0FCB}.Release|Any CPU.ActiveCfg = Release|Any CPU
		{5508145A-4F18-4233-BF09-17F96FAB0FCB}.Release|Any CPU.Build.0 = Release|Any CPU
		{051C06F7-8412-41AE-9398-E05878A3FD91}.Debug|Any CPU.ActiveCfg = Debug|Any CPU
		{051C06F7-8412-41AE-9398-E05878A3FD91}.Debug|Any CPU.Build.0 = Debug|Any CPU
		{051C06F7-8412-41AE-9398-E05878A3FD91}.Release|Any CPU.ActiveCfg = Release|Any CPU
		{051C06F7-8412-41AE-9398-E05878A3FD91}.Release|Any CPU.Build.0 = Release|Any CPU
		{04F7DA75-4CA3-41D5-9C90-5C6784066633}.Debug|Any CPU.ActiveCfg = Debug|Any CPU
		{04F7DA75-4CA3-41D5-9C90-5C6784066633}.Debug|Any CPU.Build.0 = Debug|Any CPU
		{04F7DA75-4CA3-41D5-9C90-5C6784066633}.Release|Any CPU.ActiveCfg = Release|Any CPU
		{04F7DA75-4CA3-41D5-9C90-5C6784066633}.Release|Any CPU.Build.0 = Release|Any CPU
		{8063D7B3-67B7-428B-AB44-A3BF5CD1568C}.Debug|Any CPU.ActiveCfg = Debug|Any CPU
		{8063D7B3-67B7-428B-AB44-A3BF5CD1568C}.Debug|Any CPU.Build.0 = Debug|Any CPU
		{8063D7B3-67B7-428B-AB44-A3BF5CD1568C}.Release|Any CPU.ActiveCfg = Release|Any CPU
		{8063D7B3-67B7-428B-AB44-A3BF5CD1568C}.Release|Any CPU.Build.0 = Release|Any CPU
		{F963EE15-D1E1-42D3-9A91-43B29CE0C7E8}.Debug|Any CPU.ActiveCfg = Debug|Any CPU
		{F963EE15-D1E1-42D3-9A91-43B29CE0C7E8}.Debug|Any CPU.Build.0 = Debug|Any CPU
		{F963EE15-D1E1-42D3-9A91-43B29CE0C7E8}.Release|Any CPU.ActiveCfg = Release|Any CPU
		{F963EE15-D1E1-42D3-9A91-43B29CE0C7E8}.Release|Any CPU.Build.0 = Release|Any CPU
		{06FA32A6-3642-4300-8B40-17990F52F4C6}.Debug|Any CPU.ActiveCfg = Debug|Any CPU
		{06FA32A6-3642-4300-8B40-17990F52F4C6}.Debug|Any CPU.Build.0 = Debug|Any CPU
		{06FA32A6-3642-4300-8B40-17990F52F4C6}.Release|Any CPU.ActiveCfg = Release|Any CPU
		{06FA32A6-3642-4300-8B40-17990F52F4C6}.Release|Any CPU.Build.0 = Release|Any CPU
		{29E86D96-E1BE-478E-8B45-D0EBBA2033A3}.Debug|Any CPU.ActiveCfg = Debug|Any CPU
		{29E86D96-E1BE-478E-8B45-D0EBBA2033A3}.Debug|Any CPU.Build.0 = Debug|Any CPU
		{29E86D96-E1BE-478E-8B45-D0EBBA2033A3}.Release|Any CPU.ActiveCfg = Release|Any CPU
		{29E86D96-E1BE-478E-8B45-D0EBBA2033A3}.Release|Any CPU.Build.0 = Release|Any CPU
		{BCF23789-C77B-49DB-A404-B418226735C0}.Debug|Any CPU.ActiveCfg = Debug|Any CPU
		{BCF23789-C77B-49DB-A404-B418226735C0}.Debug|Any CPU.Build.0 = Debug|Any CPU
		{BCF23789-C77B-49DB-A404-B418226735C0}.Release|Any CPU.ActiveCfg = Release|Any CPU
		{BCF23789-C77B-49DB-A404-B418226735C0}.Release|Any CPU.Build.0 = Release|Any CPU
		{C58E4534-071E-479C-9AE7-580D33811991}.Debug|Any CPU.ActiveCfg = Debug|Any CPU
		{C58E4534-071E-479C-9AE7-580D33811991}.Debug|Any CPU.Build.0 = Debug|Any CPU
		{C58E4534-071E-479C-9AE7-580D33811991}.Release|Any CPU.ActiveCfg = Release|Any CPU
		{C58E4534-071E-479C-9AE7-580D33811991}.Release|Any CPU.Build.0 = Release|Any CPU
		{3EF4D27E-4E65-48D3-A520-691EA7BBD2ED}.Debug|Any CPU.ActiveCfg = Debug|Any CPU
		{3EF4D27E-4E65-48D3-A520-691EA7BBD2ED}.Debug|Any CPU.Build.0 = Debug|Any CPU
		{3EF4D27E-4E65-48D3-A520-691EA7BBD2ED}.Release|Any CPU.ActiveCfg = Release|Any CPU
		{3EF4D27E-4E65-48D3-A520-691EA7BBD2ED}.Release|Any CPU.Build.0 = Release|Any CPU
	EndGlobalSection
	GlobalSection(SolutionProperties) = preSolution
		HideSolutionNode = FALSE
	EndGlobalSection
	GlobalSection(NestedProjects) = preSolution
		{04F7DA75-4CA3-41D5-9C90-5C6784066633} = {4DC734B8-577B-4444-8083-475549D8C32E}
		{8063D7B3-67B7-428B-AB44-A3BF5CD1568C} = {4DC734B8-577B-4444-8083-475549D8C32E}
		{F963EE15-D1E1-42D3-9A91-43B29CE0C7E8} = {4DC734B8-577B-4444-8083-475549D8C32E}
	EndGlobalSection
	GlobalSection(ExtensibilityGlobals) = postSolution
		SolutionGuid = {6CCDB4E9-32C6-4611-9022-BFAB8B616669}
	EndGlobalSection
EndGlobal
